
Microsoft Visual Studio Solution File, Format Version 12.00
# Visual Studio Version 17
VisualStudioVersion = 17.6.33829.357
MinimumVisualStudioVersion = 10.0.40219.1
Project("{FAE04EC0-301F-11D3-BF4B-00C04F79EFBC}") = "KclinicWeb", "KclinicWeb\KclinicWeb.csproj", "{8BAFD74D-2A62-4391-A5FF-58B7F02DE788}"
EndProject
Global
	GlobalSection(SolutionConfigurationPlatforms) = preSolution
		Debug|Any CPU = Debug|Any CPU
		Release|Any CPU = Release|Any CPU
	EndGlobalSection
	GlobalSection(ProjectConfigurationPlatforms) = postSolution
		{8BAFD74D-2A62-4391-A5FF-58B7F02DE788}.Debug|Any CPU.ActiveCfg = Debug|Any CPU
		{8BAFD74D-2A62-4391-A5FF-58B7F02DE788}.Debug|Any CPU.Build.0 = Debug|Any CPU
		{8BAFD74D-2A62-4391-A5FF-58B7F02DE788}.Release|Any CPU.ActiveCfg = Release|Any CPU
		{8BAFD74D-2A62-4391-A5FF-58B7F02DE788}.Release|Any CPU.Build.0 = Release|Any CPU
	EndGlobalSection
	GlobalSection(SolutionProperties) = preSolution
		HideSolutionNode = FALSE
	EndGlobalSection
	GlobalSection(ExtensibilityGlobals) = postSolution
		SolutionGuid = {134F4E23-331C-402F-A9D1-BBEB3D7866F9}
	EndGlobalSection
EndGlobal
